
Microsoft Visual Studio Solution File, Format Version 12.00
# Visual Studio Version 17
VisualStudioVersion = 17.5.002.0
MinimumVisualStudioVersion = 10.0.40219.1
Project("{9A19103F-16F7-4668-BE54-9A1E7A4F7556}") = "MafiaServer", "MafiaServer\MafiaServer.csproj", "{1C5A8CEE-68C7-4F5F-A018-29B718253683}"
EndProject
Global
	GlobalSection(SolutionConfigurationPlatforms) = preSolution
		Debug|Any CPU = Debug|Any CPU
		Release|Any CPU = Release|Any CPU
	EndGlobalSection
	GlobalSection(ProjectConfigurationPlatforms) = postSolution
		{1C5A8CEE-68C7-4F5F-A018-29B718253683}.Debug|Any CPU.ActiveCfg = Debug|Any CPU
		{1C5A8CEE-68C7-4F5F-A018-29B718253683}.Debug|Any CPU.Build.0 = Debug|Any CPU
		{1C5A8CEE-68C7-4F5F-A018-29B718253683}.Release|Any CPU.ActiveCfg = Release|Any CPU
		{1C5A8CEE-68C7-4F5F-A018-29B718253683}.Release|Any CPU.Build.0 = Release|Any CPU
	EndGlobalSection
	GlobalSection(SolutionProperties) = preSolution
		HideSolutionNode = FALSE
	EndGlobalSection
	GlobalSection(ExtensibilityGlobals) = postSolution
		SolutionGuid = {838FBCA8-0EC1-4E92-91CE-A6C155E2B04E}
	EndGlobalSection
EndGlobal
